# This file is autogenerated, do not edit; changes may be undone by the next 'dep ensure'.


[[projects]]
  digest = "1:5ef9a8852f524c7d515adf3262fa1b5d20a10c5c8f33305fdd075bce2c223912"
  name = "cloud.google.com/go"
  packages = ["compute/metadata"]
  pruneopts = "NT"
  revision = "5d03b9fdabc3f75630183d940a54b0047106bf8a"
  version = "v0.48.0"

[[projects]]
  digest = "1:25870183293a3fb61cc9afd060a61d63a486f091db72af01a8ea3449f5ca530d"
  name = "github.com/Masterminds/goutils"
  packages = ["."]
  pruneopts = "NT"
  revision = "41ac8693c5c10a92ea1ff5ac3a7f95646f6123b0"
  version = "v1.1.0"

[[projects]]
  digest = "1:0579669610e7b4268094959686738fce4833e8274793f09df8fe5ab2ff2f5efd"
  name = "github.com/Masterminds/semver"
  packages = ["."]
  pruneopts = "NT"
  revision = "fe7c21038085e01e67044ec1efe3afb1eaa59f75"
  version = "v3.0.1"

[[projects]]
  digest = "1:b9d22e4c6acf0194e00a698d563ad3bacb8d8dab1d73f494517810bf92e029c5"
  name = "github.com/Masterminds/sprig"
  packages = ["."]
  pruneopts = "NT"
  revision = "e4c0945838d570720d876a6ad9b4568ed32317b4"
  version = "v2.22.0"

[[projects]]
  digest = "1:0a111edd8693fd977f42a0c4f199a0efb13c20aec9da99ad8830c7bb6a87e8d6"
  name = "github.com/PuerkitoBio/purell"
  packages = ["."]
  pruneopts = "NT"
  revision = "44968752391892e1b0d0b821ee79e9a85fa13049"
  version = "v1.1.1"

[[projects]]
  branch = "master"
  digest = "1:8098cd40cd09879efbf12e33bcd51ead4a66006ac802cd563a66c4f3373b9727"
  name = "github.com/PuerkitoBio/urlesc"
  packages = ["."]
  pruneopts = "NT"
  revision = "de5bf2ad457846296e2031421a34e2568e304e35"

[[projects]]
  digest = "1:c819830f4f5ef85874a90ac3cbcc96cd322c715f5c96fbe4722eacd3dafbaa07"
  name = "github.com/beorn7/perks"
  packages = ["quantile"]
  pruneopts = "NT"
  revision = "37c8de3658fcb183f997c4e13e8337516ab753e6"
  version = "v1.0.1"

[[projects]]
  digest = "1:94f4a225b4aa369ae8b8b11871594f0b84564a9b00491c8041517ce688577627"
  name = "github.com/containernetworking/cni"
  packages = ["pkg/types"]
  pruneopts = "NT"
  revision = "4cfb7b568922a3c79a23e438dc52fe537fc9687e"
  version = "v0.7.1"

[[projects]]
  digest = "1:4b8b5811da6970495e04d1f4e98bb89518cc3cfc3b3f456bdb876ed7b6c74049"
  name = "github.com/davecgh/go-spew"
  packages = ["spew"]
  pruneopts = "NT"
  revision = "8991bc29aa16c548c550c7ff78260e27b9ab7c73"
  version = "v1.1.1"

[[projects]]
  digest = "1:4610a40c7f030095bdab7e4cfb3df09b0e00334c65ac5432047a0f0e13bdc32b"
  name = "github.com/emicklei/go-restful"
  packages = [
    ".",
    "log",
  ]
  pruneopts = "NT"
  revision = "99f05a26a0a1c71e664ebe6a76d29b2c80333056"
  version = "v2.11.1"

[[projects]]
  digest = "1:448bf60e9dce6d5fd9dfa8fd9eb9a23163424ff4e4f142456405781e942e3998"
  name = "github.com/evanphx/json-patch"
  packages = ["."]
  pruneopts = "NT"
  revision = "026c730a0dcc5d11f93f1cf1cc65b01247ea7b6f"
  version = "v4.5.0"

[[projects]]
  digest = "1:81466b4218bf6adddac2572a30ac733a9255919bc2f470b4827a317bd4ee1756"
  name = "github.com/ghodss/yaml"
  packages = ["."]
  pruneopts = "NT"
  revision = "0ca9ea5df5451ffdf184b4428c902747c2c11cd7"
  version = "v1.0.0"

[[projects]]
  digest = "1:d421af4c4fe51d399667d573982d663fe1fa67020a88d3ae43466ebfe8e2b5c9"
  name = "github.com/go-logr/logr"
  packages = ["."]
  pruneopts = "NT"
  revision = "9fb12b3b21c5415d16ac18dc5cd42c1cfdd40c4e"
  version = "v0.1.0"

[[projects]]
  digest = "1:3758c86e787dfe5792a23430f34636106a16da914446724399c9c12f121a225d"
  name = "github.com/go-openapi/jsonpointer"
  packages = ["."]
  pruneopts = "NT"
  revision = "ed123515f087412cd7ef02e49b0b0a5e6a79a360"
  version = "v0.19.3"

[[projects]]
  digest = "1:98abd61947ff5c7c6fcfec5473d02a4821ed3a2dd99a4fbfdb7925b0dd745546"
  name = "github.com/go-openapi/jsonreference"
  packages = ["."]
  pruneopts = "NT"
  revision = "82f31475a8f7a12bc26962f6e26ceade8ea6f66a"
  version = "v0.19.3"

[[projects]]
  digest = "1:97b95774863237dc7589e326d064713cc0372c9ecadbe2e4e7e560a949cbb45d"
  name = "github.com/go-openapi/spec"
  packages = ["."]
  pruneopts = "NT"
  revision = "8557d72e4f077c2dbe1e48df09e596b6fb9b7991"
  version = "v0.19.4"

[[projects]]
  digest = "1:b318f36b1725220c1580b27504b8ee9d33a2a8e2db58f28c176edf6f0d1b7fb2"
  name = "github.com/go-openapi/swag"
  packages = ["."]
  pruneopts = "NT"
  revision = "c3d0f7896d589f3babb99eea24bbc7de98108e72"
  version = "v0.19.5"

[[projects]]
  digest = "1:c3050a9f4b141fcc3ef805c8b3e8e8242676557755ffb9d2707c26530cd71c9d"
  name = "github.com/gogo/protobuf"
  packages = [
    "proto",
    "sortkeys",
  ]
  pruneopts = "NT"
  revision = "5628607bb4c51c3157aacc3a50f0ab707582b805"
  version = "v1.3.1"

[[projects]]
  branch = "master"
  digest = "1:91f62b7cc037b5f5c68fc9d9ab3566226f287e9e2c043a81e9176b90e822218a"
  name = "github.com/golang/groupcache"
  packages = ["lru"]
  pruneopts = "NT"
  revision = "611e8accdfc92c4187d399e95ce826046d4c8d73"

[[projects]]
  digest = "1:440a3032b9e2db5bbf14535c63caf0e886f13d4f1d128a4a4d9deb03f924aa0c"
  name = "github.com/golang/protobuf"
  packages = [
    "proto",
    "ptypes",
    "ptypes/any",
    "ptypes/duration",
    "ptypes/timestamp",
  ]
  pruneopts = "NT"
  revision = "6c65a5562fc06764971b7c5d05c76c75e84bdbf7"
  version = "v1.3.2"

[[projects]]
  digest = "1:09c3e0412c060e2ca7e4a534eb50010514ec212f78d7a8d878febab8e9aabe8b"
  name = "github.com/google/go-cmp"
  packages = [
    "cmp",
    "cmp/internal/diff",
    "cmp/internal/flags",
    "cmp/internal/function",
    "cmp/internal/value",
  ]
  pruneopts = "NT"
  revision = "2d0692c2e9617365a95b295612ac0d4415ba4627"
  version = "v0.3.1"

[[projects]]
  digest = "1:52c5834e2bebac9030c97cc0798ac11c3aa8a39f098aeb419f142533da6cd3cc"
  name = "github.com/google/gofuzz"
  packages = ["."]
  pruneopts = "NT"
  revision = "f140a6486e521aad38f5917de355cbf147cc0496"
  version = "v1.0.0"

[[projects]]
  digest = "1:ab3ec1fe3e39bac4b3ab63390767766622be35b7cab03f47f787f9ec60522a53"
  name = "github.com/google/uuid"
  packages = ["."]
  pruneopts = "NT"
  revision = "0cd6bf5da1e1c83f8b45653022c74f71af0538a4"
  version = "v1.1.1"

[[projects]]
  digest = "1:7b822f5317d7bf87097682a763d5c9ff90c5cb86ee3cd23e1255b43d6b04a141"
  name = "github.com/googleapis/gnostic"
  packages = [
    "OpenAPIv2",
    "compiler",
    "extensions",
  ]
  pruneopts = "NT"
  revision = "ab0dd09aa10e2952b28e12ecd35681b20463ebab"
  version = "v0.3.1"

[[projects]]
  digest = "1:3c65ac6fd0b1f3d2736e25df3783167785da5eda70f078af8ffa60bc10a21973"
  name = "github.com/gophercloud/gophercloud"
  packages = [
    ".",
    "openstack",
    "openstack/identity/v2/tenants",
    "openstack/identity/v2/tokens",
    "openstack/identity/v3/tokens",
    "openstack/loadbalancer/v2/apiversions",
    "openstack/loadbalancer/v2/l7policies",
    "openstack/loadbalancer/v2/listeners",
    "openstack/loadbalancer/v2/loadbalancers",
    "openstack/loadbalancer/v2/monitors",
    "openstack/loadbalancer/v2/pools",
    "openstack/loadbalancer/v2/providers",
    "openstack/networking/v2/extensions/attributestags",
    "openstack/networking/v2/extensions/layer3/routers",
    "openstack/networking/v2/extensions/security/groups",
    "openstack/networking/v2/extensions/security/rules",
    "openstack/networking/v2/extensions/subnetpools",
    "openstack/networking/v2/networks",
    "openstack/networking/v2/ports",
    "openstack/networking/v2/subnets",
    "openstack/utils",
    "pagination",
  ]
  pruneopts = "NT"
  revision = "2567326a4c71208f8b4717a784a912212b5eff7d"

[[projects]]
  branch = "master"
  digest = "1:086588f1921061861ce7dc0977a374f4f7ef599ee09f367b1e3b718b7a27b9ce"
  name = "github.com/gophercloud/utils"
  packages = [
    "env",
    "openstack/clientconfig",
  ]
  pruneopts = "NT"
  revision = "bd86af96d544288b19b1ca1eb2a3640a3a2d1fab"

[[projects]]
  digest = "1:ed860d2b2c1d066d36a89c982eefc7d019badd534f60e87ab65d3d94f0797ef0"
  name = "github.com/hashicorp/golang-lru"
  packages = [
    ".",
    "simplelru",
  ]
  pruneopts = "NT"
  revision = "7f827b33c0f158ec5dfbba01bb0b14a4541fd81d"
  version = "v0.5.3"

[[projects]]
  digest = "1:dc54242755f5b6721dd880843de6e45fe234838ea9149ec8249951880fd5802f"
  name = "github.com/huandu/xstrings"
  packages = ["."]
  pruneopts = "NT"
  revision = "f02667b379e2fb5916c3cda2cf31e0eb885d79f8"
  version = "v1.2.0"

[[projects]]
  digest = "1:7c47a990a91ab4922f4009c8ba8dcf35dad08e2b697cf26ea87eaae90e3f7aa1"
  name = "github.com/imdario/mergo"
  packages = ["."]
  pruneopts = "NT"
  revision = "1afb36080aec31e0d1528973ebe6721b191b0369"
  version = "v0.3.8"

[[projects]]
  digest = "1:04395d3256130279b719634054b20f73fed0e7478b264544cb0f615f89d7bba9"
  name = "github.com/json-iterator/go"
  packages = ["."]
  pruneopts = "NT"
  revision = "03217c3e97663914aec3faafde50d081f197a0a2"
  version = "v1.1.8"

[[projects]]
  digest = "1:5181790e1f11c6b9cb42c70c5b902926c5e696b1e71bc24d4f82e6862ab3d078"
  name = "github.com/mailru/easyjson"
  packages = [
    "buffer",
    "jlexer",
    "jwriter",
  ]
  pruneopts = "NT"
  revision = "1b2b06f5f209fea48ff5922d8bfb2b9ed5d8f00b"
  version = "v0.7.0"

[[projects]]
  digest = "1:ea1db000388d88b31db7531c83016bef0d6db0d908a07794bfc36aca16fbf935"
  name = "github.com/matttproud/golang_protobuf_extensions"
  packages = ["pbutil"]
  pruneopts = "NT"
  revision = "c12348ce28de40eed0136aa2b644d0ee0650e56c"
  version = "v1.0.1"

[[projects]]
  digest = "1:1e5a8bf6fb005f1808852ad1a4bedb7b4b3291af90dec12c4c9e4a955a42c9b2"
  name = "github.com/mitchellh/copystructure"
  packages = ["."]
  pruneopts = "NT"
  revision = "9a1b6f44e8da0e0e374624fb0a825a231b00c537"
  version = "v1.0.0"

[[projects]]
  digest = "1:bb676c5bf47f2159355d464cec0aba0af54140789768e5b1a74dbb68452c5aee"
  name = "github.com/mitchellh/reflectwalk"
  packages = ["."]
  pruneopts = "NT"
  revision = "3e2c75dfad4fbf904b58782a80fd595c760ad185"
  version = "v1.0.1"

[[projects]]
  digest = "1:2f42fa12d6911c7b7659738758631bec870b7e9b4c6be5444f963cdcfccc191f"
  name = "github.com/modern-go/concurrent"
  packages = ["."]
  pruneopts = "NT"
  revision = "bacd9c7ef1dd9b15be4a9909b8ac7a4e313eec94"
  version = "1.0.3"

[[projects]]
  digest = "1:c6aca19413b13dc59c220ad7430329e2ec454cc310bc6d8de2c7e2b93c18a0f6"
  name = "github.com/modern-go/reflect2"
  packages = ["."]
  pruneopts = "NT"
  revision = "4b7aa43c6742a2c18fdef89dd197aaae7dac7ccd"
  version = "1.0.1"

[[projects]]
  digest = "1:1c76cf1c1ac89005595a3d74b02011462199b8de68ec618cd82e5534f50d4982"
  name = "github.com/onsi/gomega"
  packages = [
    ".",
    "format",
    "internal/assertion",
    "internal/asyncassertion",
    "internal/oraclematcher",
    "internal/testingtsupport",
    "matchers",
    "matchers/support/goraph/bipartitegraph",
    "matchers/support/goraph/edge",
    "matchers/support/goraph/node",
    "matchers/support/goraph/util",
    "types",
  ]
  pruneopts = "NT"
  revision = "f9a52764bd5a0fd2d201bcca584351d03b72f8da"
  version = "v1.7.1"

[[projects]]
  branch = "master"
  digest = "1:ded62c35ffdd78e16931c3da4926107bb3ebde10c5fd64917a57dcfb1e1e125a"
  name = "github.com/openshift/api"
  packages = [
    ".",
    "apps",
    "apps/v1",
    "authorization",
    "authorization/v1",
    "build",
    "build/v1",
    "config",
    "config/v1",
    "image",
    "image/docker10",
    "image/dockerpre012",
    "image/v1",
    "kubecontrolplane",
    "kubecontrolplane/v1",
    "legacyconfig/v1",
    "network",
    "network/v1",
    "oauth",
    "oauth/v1",
    "openshiftcontrolplane",
    "openshiftcontrolplane/v1",
    "operator",
    "operator/v1",
    "operator/v1alpha1",
    "osin",
    "osin/v1",
    "pkg/serialization",
    "project",
    "project/v1",
    "quota",
    "quota/v1",
    "route",
    "route/v1",
    "samples",
    "samples/v1",
    "security",
    "security/v1",
    "servicecertsigner",
    "servicecertsigner/v1alpha1",
    "template",
    "template/v1",
    "user",
    "user/v1",
  ]
  pruneopts = "UT"
  revision = "4efd1a50a74e455e53d0f4478657e5c226fe9b24"

[[projects]]
  branch = "master"
  digest = "1:f2845eb7b8b0c42a36f610ce09869baf86cd2ad396e3c67b9c8960457b57f40f"
  name = "github.com/openshift/library-go"
  packages = [
    "pkg/certs",
    "pkg/config/clusteroperator/v1helpers",
    "pkg/crypto",
    "pkg/operator/certrotation",
    "pkg/operator/condition",
    "pkg/operator/events",
    "pkg/operator/resource/resourceapply",
    "pkg/operator/resource/resourcemerge",
    "pkg/operator/v1helpers",
  ]
  pruneopts = "NT"
  revision = "0597a29991ca50513df1fdb76e7e2a267e3a3e3f"

[[projects]]
  digest = "1:d4af5115cb6f50fa43e18be17bacd0fb2288f63a08559be091f3150e65145425"
  name = "github.com/operator-framework/operator-sdk"
  packages = [
    "pkg/k8sutil",
    "pkg/leader",
    "version",
  ]
  pruneopts = "NT"
  revision = "2445fcda834ca4b7cf0d6c38fba6317fb219b469"
  version = "v0.12.0"

[[projects]]
  digest = "1:14715f705ff5dfe0ffd6571d7d201dd8e921030f8070321a79380d8ca4ec1a24"
  name = "github.com/pkg/errors"
  packages = ["."]
  pruneopts = "NT"
  revision = "ba968bfe8b2f7e042a574c888954fccecfa385b4"
  version = "v0.8.1"

[[projects]]
  digest = "1:ac48997e3abc92d938efd4bc22dd38762ddd2a639e99f57c9eee989f435014cc"
  name = "github.com/prometheus/client_golang"
  packages = [
    "prometheus",
    "prometheus/internal",
    "prometheus/promhttp",
  ]
  pruneopts = "NT"
  revision = "170205fb58decfd011f1550d4cfb737230d7ae4f"
  version = "v1.1.0"

[[projects]]
  branch = "master"
  digest = "1:c2cc5049e927e2749c0d5163c9f8d924880d83e84befa732b9aad0b6be227bed"
  name = "github.com/prometheus/client_model"
  packages = ["go"]
  pruneopts = "NT"
  revision = "14fe0d1b01d4d5fc031dd4bec1823bd3ebbe8016"

[[projects]]
  digest = "1:b1945ace19342a6519ba481285c65a4a3f5c8aff0d940dec53c62206dc68264e"
  name = "github.com/prometheus/common"
  packages = [
    "expfmt",
    "internal/bitbucket.org/ww/goautoneg",
    "model",
  ]
  pruneopts = "NT"
  revision = "287d3e634a1e550c9e463dd7e5a75a422c614505"
  version = "v0.7.0"

[[projects]]
  digest = "1:89b4547e3a4ba89ce68dea2e6e6bbf492b561aab450252550af208109a761eed"
  name = "github.com/prometheus/procfs"
  packages = [
    ".",
    "internal/fs",
    "internal/util",
  ]
  pruneopts = "NT"
  revision = "8a055596020d692cf491851e47ba3e302d9f90ce"
  version = "v0.0.6"

[[projects]]
  digest = "1:d115708a27806831d1babbc6f28a7478ddf8e32a7095507c816e2515fb03a810"
  name = "github.com/spf13/pflag"
  packages = ["."]
  pruneopts = "NT"
  revision = "2e9d26c8c37aae03e3f9d4e90b7116f5accb7cab"
  version = "v1.0.5"

[[projects]]
  digest = "1:936ab0fd3f16edc83131e626594a4f4e75426e5adeb7adbe57ed203db4c1b950"
  name = "github.com/vishvananda/netlink"
  packages = [
    ".",
    "nl",
  ]
  pruneopts = "NT"
  revision = "a2ad57a690f3caf3015351d2d6e1c0b95c349752"
  version = "v1.0.0"

[[projects]]
  branch = "master"
  digest = "1:ad33f5e23a9fbcdbdf7f8412a035d1f70274691345890289dd390359e574c017"
  name = "github.com/vishvananda/netns"
  packages = ["."]
  pruneopts = "NT"
  revision = "0a2b9b5464df8343199164a0321edf3313202f7e"

[[projects]]
  branch = "master"
  digest = "1:00f7cb110ec083a03baf86042414b205078e73bd8d0bb4b7c0e7cd738b880e6a"
  name = "golang.org/x/crypto"
  packages = [
    "pbkdf2",
    "scrypt",
    "ssh/terminal",
  ]
  pruneopts = "NT"
  revision = "e1110fd1c708ef015366ea01799a23c459593c47"

[[projects]]
  branch = "master"
  digest = "1:024e423b75a02b8cf44579f54fb434b82ab68694969fa6828f4eada4ec7e731b"
  name = "golang.org/x/net"
  packages = [
    "context",
    "context/ctxhttp",
    "html",
    "html/atom",
    "html/charset",
    "http/httpguts",
    "http2",
    "http2/hpack",
    "idna",
  ]
  pruneopts = "NT"
  revision = "2180aed2234323691e9fd264fb1d32d20ff04b27"

[[projects]]
  branch = "master"
  digest = "1:39b3fcfdc10f07969cf1e9fcb901bbb600083fff9880739f4ea596b48656c5a1"
  name = "golang.org/x/oauth2"
  packages = [
    ".",
    "google",
    "internal",
    "jws",
    "jwt",
  ]
  pruneopts = "NT"
  revision = "0f29369cfe4552d0e4bcddc57cc75f4d7e672a33"

[[projects]]
  branch = "master"
  digest = "1:9fb304babc294681696a73b55814456194c6cc799b29b5490808bba5795ae8a0"
  name = "golang.org/x/sys"
  packages = [
    "unix",
    "windows",
  ]
  pruneopts = "NT"
  revision = "4c7a9d0fe056d9d1de37e1409ca8a5c17accb46a"

[[projects]]
  digest = "1:348fa8283a7c60b5b71ce04d27b37f7c0fce552d4d0b463b5b3ebbd1840d3f1a"
  name = "golang.org/x/text"
  packages = [
    "collate",
    "collate/build",
    "encoding",
    "encoding/charmap",
    "encoding/htmlindex",
    "encoding/internal",
    "encoding/internal/identifier",
    "encoding/japanese",
    "encoding/korean",
    "encoding/simplifiedchinese",
    "encoding/traditionalchinese",
    "encoding/unicode",
    "internal/colltab",
    "internal/gen",
    "internal/language",
    "internal/language/compact",
    "internal/tag",
    "internal/triegen",
    "internal/ucd",
    "internal/utf8internal",
    "language",
    "runes",
    "secure/bidirule",
    "transform",
    "unicode/bidi",
    "unicode/cldr",
    "unicode/norm",
    "unicode/rangetable",
    "width",
  ]
  pruneopts = "NT"
  revision = "342b2e1fbaa52c93f31447ad2c6abc048c63e475"
  version = "v0.3.2"

[[projects]]
  branch = "master"
  digest = "1:a2f668c709f9078828e99cb1768cb02e876cb81030545046a32b54b2ac2a9ea8"
  name = "golang.org/x/time"
  packages = ["rate"]
  pruneopts = "NT"
  revision = "555d28b269f0569763d25dbe1a237ae74c6bcc82"

[[projects]]
  branch = "master"
  digest = "1:99888367de753f065aa11d8cb0e9e503a2ae0e78c0aaa5fc72f02e0a57b5c385"
  name = "golang.org/x/tools"
  packages = [
    "go/ast/astutil",
    "go/gcexportdata",
    "go/internal/gcimporter",
    "go/internal/packagesdriver",
    "go/packages",
    "go/types/typeutil",
    "imports",
    "internal/fastwalk",
    "internal/gopathwalk",
    "internal/imports",
    "internal/module",
    "internal/semver",
    "internal/span",
  ]
  pruneopts = "NT"
  revision = "77e3bb0ad9e72123a382fe9c4870b269210dab83"

[[projects]]
  branch = "master"
  digest = "1:c0619d0c0c2f585812ce9f844eafb9c5660f5bd723c9ac0cd60b7fac665d2ac6"
  name = "golang.org/x/xerrors"
  packages = [
    ".",
    "internal",
  ]
  pruneopts = "NT"
  revision = "1b5146add8981d58be77b16229c0ff0f8bebd8c1"

[[projects]]
  digest = "1:8392b5c29adedc5f85c66b48bb53b6c49dd91d8540f3cad5d43ef7277946718f"
  name = "gomodules.xyz/jsonpatch"
  packages = ["v2"]
  pruneopts = "NT"
  revision = "e8422f09d27ee2c8cfb2c7f8089eb9eeb0764849"
  version = "v2.0.1"

[[projects]]
  digest = "1:ef33a89dbeefa3d834fff6b9e0b342311d4bf1a90cbe9c646e79797940b61c88"
  name = "google.golang.org/appengine"
  packages = [
    ".",
    "internal",
    "internal/app_identity",
    "internal/base",
    "internal/datastore",
    "internal/log",
    "internal/modules",
    "internal/remote_api",
    "internal/urlfetch",
    "urlfetch",
  ]
  pruneopts = "NT"
  revision = "971852bfffca25b069c31162ae8f247a3dba083b"
  version = "v1.6.5"

[[projects]]
  digest = "1:1b91ae0dc69a41d4c2ed23ea5cffb721ea63f5037ca4b81e6d6771fbb8f45129"
  name = "gopkg.in/fsnotify.v1"
  packages = ["."]
  pruneopts = "NT"
  revision = "c2828203cd70a50dcccfb2761f8b1f8ceef9a8e9"
  source = "https://github.com/fsnotify/fsnotify.git"
  version = "v1.4.7"

[[projects]]
  digest = "1:2d1fbdc6777e5408cabeb02bf336305e724b925ff4546ded0fa8715a7267922a"
  name = "gopkg.in/inf.v0"
  packages = ["."]
  pruneopts = "NT"
  revision = "d2d2541c53f18d2a059457998ce2876cc8e67cbf"
  version = "v0.9.1"

[[projects]]
  digest = "1:5ad10df0893403ae9fdbd17c6f14814394a635339dd79595600bae52432befcf"
  name = "gopkg.in/yaml.v2"
  packages = ["."]
  pruneopts = "NT"
  revision = "f90ceb4f409096b60e2e9076b38b304b8246e5fa"
  version = "v2.2.5"

[[projects]]
  digest = "1:e6dbaffcc5407ea1fa7633f6ccb7e53ff3952eed041e9cbe4f97c9af87913ef1"
  name = "k8s.io/api"
  packages = [
    "admission/v1beta1",
    "admissionregistration/v1",
    "admissionregistration/v1beta1",
    "apps/v1",
    "apps/v1beta1",
    "apps/v1beta2",
    "auditregistration/v1alpha1",
    "authentication/v1",
    "authentication/v1beta1",
    "authorization/v1",
    "authorization/v1beta1",
    "autoscaling/v1",
    "autoscaling/v2beta1",
    "autoscaling/v2beta2",
    "batch/v1",
    "batch/v1beta1",
    "batch/v2alpha1",
    "certificates/v1beta1",
    "coordination/v1",
    "coordination/v1beta1",
    "core/v1",
    "discovery/v1alpha1",
    "events/v1beta1",
    "extensions/v1beta1",
    "imagepolicy/v1alpha1",
    "networking/v1",
    "networking/v1beta1",
    "node/v1alpha1",
    "node/v1beta1",
    "policy/v1beta1",
    "rbac/v1",
    "rbac/v1alpha1",
    "rbac/v1beta1",
    "scheduling/v1",
    "scheduling/v1alpha1",
    "scheduling/v1beta1",
    "settings/v1alpha1",
    "storage/v1",
    "storage/v1alpha1",
    "storage/v1beta1",
  ]
  pruneopts = "NT"
  revision = "95b840bb6a1f5f0462af804c8589396d294d4914"
  version = "kubernetes-1.16.0"

[[projects]]
  digest = "1:142d4ab6e25ace8958cf493f320e81d5108c461f83ecc623be6353d3a7d2dddc"
  name = "k8s.io/apiextensions-apiserver"
  packages = [
    "pkg/apis/apiextensions",
    "pkg/apis/apiextensions/v1",
    "pkg/apis/apiextensions/v1beta1",
    "pkg/client/clientset/clientset/scheme",
    "pkg/client/clientset/clientset/typed/apiextensions/v1beta1",
  ]
  pruneopts = "NT"
  revision = "8f644eb6e783291c4b8cb8cb25a9983be1a74f5c"
  version = "kubernetes-1.16.0"

[[projects]]
  digest = "1:160844ee5d0ce19aa0f2a51019c25c2971f185a4aa190dbd91887d98994e43a7"
  name = "k8s.io/apimachinery"
  packages = [
    "pkg/api/equality",
    "pkg/api/errors",
    "pkg/api/meta",
    "pkg/api/resource",
    "pkg/apis/meta/internalversion",
    "pkg/apis/meta/v1",
    "pkg/apis/meta/v1/unstructured",
    "pkg/apis/meta/v1beta1",
    "pkg/conversion",
    "pkg/conversion/queryparams",
    "pkg/fields",
    "pkg/labels",
    "pkg/runtime",
    "pkg/runtime/schema",
    "pkg/runtime/serializer",
    "pkg/runtime/serializer/json",
    "pkg/runtime/serializer/protobuf",
    "pkg/runtime/serializer/recognizer",
    "pkg/runtime/serializer/streaming",
    "pkg/runtime/serializer/versioning",
    "pkg/selection",
    "pkg/types",
    "pkg/util/cache",
    "pkg/util/clock",
    "pkg/util/diff",
    "pkg/util/errors",
    "pkg/util/framer",
    "pkg/util/intstr",
    "pkg/util/json",
    "pkg/util/mergepatch",
    "pkg/util/naming",
    "pkg/util/net",
    "pkg/util/runtime",
    "pkg/util/sets",
    "pkg/util/strategicpatch",
    "pkg/util/uuid",
    "pkg/util/validation",
    "pkg/util/validation/field",
    "pkg/util/wait",
    "pkg/util/yaml",
    "pkg/version",
    "pkg/watch",
    "third_party/forked/golang/json",
    "third_party/forked/golang/reflect",
  ]
  pruneopts = "NT"
  revision = "27d36303b6556f377b4f34e64705fa9024a12b0c"
  version = "kubernetes-1.16.0"

[[projects]]
  branch = "master"
  digest = "1:a7026fbf0ca0d5c8f8802336cb0e892146d6eba36c6c4e469e2b64d14dee1e9b"
  name = "k8s.io/apiserver"
  packages = ["pkg/authentication/user"]
  pruneopts = "NT"
  revision = "707298a79a53694b8666ffc5634d2bbac4341159"

[[projects]]
  digest = "1:65f86d654fcfcc0ba794c99514724dd1f1b4ea870b0c8e53652ddfa63395dca0"
  name = "k8s.io/client-go"
  packages = [
    "discovery",
    "dynamic",
    "informers",
    "informers/admissionregistration",
    "informers/admissionregistration/v1",
    "informers/admissionregistration/v1beta1",
    "informers/apps",
    "informers/apps/v1",
    "informers/apps/v1beta1",
    "informers/apps/v1beta2",
    "informers/auditregistration",
    "informers/auditregistration/v1alpha1",
    "informers/autoscaling",
    "informers/autoscaling/v1",
    "informers/autoscaling/v2beta1",
    "informers/autoscaling/v2beta2",
    "informers/batch",
    "informers/batch/v1",
    "informers/batch/v1beta1",
    "informers/batch/v2alpha1",
    "informers/certificates",
    "informers/certificates/v1beta1",
    "informers/coordination",
    "informers/coordination/v1",
    "informers/coordination/v1beta1",
    "informers/core",
    "informers/core/v1",
    "informers/discovery",
    "informers/discovery/v1alpha1",
    "informers/events",
    "informers/events/v1beta1",
    "informers/extensions",
    "informers/extensions/v1beta1",
    "informers/internalinterfaces",
    "informers/networking",
    "informers/networking/v1",
    "informers/networking/v1beta1",
    "informers/node",
    "informers/node/v1alpha1",
    "informers/node/v1beta1",
    "informers/policy",
    "informers/policy/v1beta1",
    "informers/rbac",
    "informers/rbac/v1",
    "informers/rbac/v1alpha1",
    "informers/rbac/v1beta1",
    "informers/scheduling",
    "informers/scheduling/v1",
    "informers/scheduling/v1alpha1",
    "informers/scheduling/v1beta1",
    "informers/settings",
    "informers/settings/v1alpha1",
    "informers/storage",
    "informers/storage/v1",
    "informers/storage/v1alpha1",
    "informers/storage/v1beta1",
    "kubernetes",
    "kubernetes/scheme",
    "kubernetes/typed/admissionregistration/v1",
    "kubernetes/typed/admissionregistration/v1beta1",
    "kubernetes/typed/apps/v1",
    "kubernetes/typed/apps/v1beta1",
    "kubernetes/typed/apps/v1beta2",
    "kubernetes/typed/auditregistration/v1alpha1",
    "kubernetes/typed/authentication/v1",
    "kubernetes/typed/authentication/v1beta1",
    "kubernetes/typed/authorization/v1",
    "kubernetes/typed/authorization/v1beta1",
    "kubernetes/typed/autoscaling/v1",
    "kubernetes/typed/autoscaling/v2beta1",
    "kubernetes/typed/autoscaling/v2beta2",
    "kubernetes/typed/batch/v1",
    "kubernetes/typed/batch/v1beta1",
    "kubernetes/typed/batch/v2alpha1",
    "kubernetes/typed/certificates/v1beta1",
    "kubernetes/typed/coordination/v1",
    "kubernetes/typed/coordination/v1beta1",
    "kubernetes/typed/core/v1",
    "kubernetes/typed/discovery/v1alpha1",
    "kubernetes/typed/events/v1beta1",
    "kubernetes/typed/extensions/v1beta1",
    "kubernetes/typed/networking/v1",
    "kubernetes/typed/networking/v1beta1",
    "kubernetes/typed/node/v1alpha1",
    "kubernetes/typed/node/v1beta1",
    "kubernetes/typed/policy/v1beta1",
    "kubernetes/typed/rbac/v1",
    "kubernetes/typed/rbac/v1alpha1",
    "kubernetes/typed/rbac/v1beta1",
    "kubernetes/typed/scheduling/v1",
    "kubernetes/typed/scheduling/v1alpha1",
    "kubernetes/typed/scheduling/v1beta1",
    "kubernetes/typed/settings/v1alpha1",
    "kubernetes/typed/storage/v1",
    "kubernetes/typed/storage/v1alpha1",
    "kubernetes/typed/storage/v1beta1",
    "listers/admissionregistration/v1",
    "listers/admissionregistration/v1beta1",
    "listers/apps/v1",
    "listers/apps/v1beta1",
    "listers/apps/v1beta2",
    "listers/auditregistration/v1alpha1",
    "listers/autoscaling/v1",
    "listers/autoscaling/v2beta1",
    "listers/autoscaling/v2beta2",
    "listers/batch/v1",
    "listers/batch/v1beta1",
    "listers/batch/v2alpha1",
    "listers/certificates/v1beta1",
    "listers/coordination/v1",
    "listers/coordination/v1beta1",
    "listers/core/v1",
    "listers/discovery/v1alpha1",
    "listers/events/v1beta1",
    "listers/extensions/v1beta1",
    "listers/networking/v1",
    "listers/networking/v1beta1",
    "listers/node/v1alpha1",
    "listers/node/v1beta1",
    "listers/policy/v1beta1",
    "listers/rbac/v1",
    "listers/rbac/v1alpha1",
    "listers/rbac/v1beta1",
    "listers/scheduling/v1",
    "listers/scheduling/v1alpha1",
    "listers/scheduling/v1beta1",
    "listers/settings/v1alpha1",
    "listers/storage/v1",
    "listers/storage/v1alpha1",
    "listers/storage/v1beta1",
    "pkg/apis/clientauthentication",
    "pkg/apis/clientauthentication/v1alpha1",
    "pkg/apis/clientauthentication/v1beta1",
    "pkg/version",
    "plugin/pkg/client/auth/exec",
    "plugin/pkg/client/auth/gcp",
    "rest",
    "rest/watch",
    "restmapper",
    "testing",
    "third_party/forked/golang/template",
    "tools/auth",
    "tools/cache",
    "tools/clientcmd",
    "tools/clientcmd/api",
    "tools/clientcmd/api/latest",
    "tools/clientcmd/api/v1",
    "tools/leaderelection",
    "tools/leaderelection/resourcelock",
    "tools/metrics",
    "tools/pager",
    "tools/record",
    "tools/record/util",
    "tools/reference",
    "transport",
    "util/cert",
    "util/connrotation",
    "util/flowcontrol",
    "util/homedir",
    "util/jsonpath",
    "util/keyutil",
    "util/retry",
    "util/workqueue",
  ]
  pruneopts = "NT"
  revision = "1fbdaa4c8d908275eee958429b1cafc2591a2c5d"
  version = "kubernetes-1.16.0"

[[projects]]
  digest = "1:1b6fd3650ea50bc09ff7174c152175eeb4459d579585163ecae6ff1d82dee3d4"
  name = "k8s.io/code-generator"
  packages = [
    "cmd/client-gen",
    "cmd/client-gen/args",
    "cmd/client-gen/generators",
    "cmd/client-gen/generators/fake",
    "cmd/client-gen/generators/scheme",
    "cmd/client-gen/generators/util",
    "cmd/client-gen/path",
    "cmd/client-gen/types",
    "cmd/conversion-gen",
    "cmd/conversion-gen/args",
    "cmd/conversion-gen/generators",
    "cmd/deepcopy-gen",
    "cmd/deepcopy-gen/args",
    "cmd/defaulter-gen",
    "cmd/defaulter-gen/args",
    "cmd/informer-gen",
    "cmd/informer-gen/args",
    "cmd/informer-gen/generators",
    "cmd/lister-gen",
    "cmd/lister-gen/args",
    "cmd/lister-gen/generators",
    "cmd/openapi-gen",
    "pkg/namer",
    "pkg/util",
  ]
  pruneopts = "T"
  revision = "cd179ad6a2693011d6f2fa5cd64c6680ee99379f"
  version = "kubernetes-1.16.0"

[[projects]]
  branch = "master"
  digest = "1:a99bfe0be361188f12c383ffd3b7b5184b6333941a90ac94dfafa7356dfeceed"
  name = "k8s.io/component-base"
  packages = [
    "config",
    "config/v1alpha1",
  ]
  pruneopts = "NT"
  revision = "cca8f4f7ce4d55fa1dc4dd3ec01501284e5d3f98"

[[projects]]
  branch = "master"
  digest = "1:2f41eab9596e66f604ae792e64f9ec2b7b3bfe52eb9f8d5bdab6718e5f0b692b"
  name = "k8s.io/gengo"
  packages = [
    "args",
    "examples/deepcopy-gen/generators",
    "examples/defaulter-gen/generators",
    "examples/set-gen/sets",
    "generator",
    "namer",
    "parser",
    "types",
  ]
  pruneopts = "NT"
  revision = "e500ee069b5c8469a9e278b53cb41bd65404bfd9"

[[projects]]
  digest = "1:2c76089e62b6a1c8a48e87f47f7ac3069962a520e553db28d458d3e75d5fed3f"
  name = "k8s.io/klog"
  packages = ["."]
  pruneopts = "NT"
  revision = "2ca9ad30301bf30a8a6e0fa2110db6b8df699a91"
  version = "v1.0.0"

[[projects]]
  branch = "master"
  digest = "1:4c3e36dc108e0f1b73dc4d3d5419754b3e1a03e8e3d00c48e983cdf63ce4215e"
  name = "k8s.io/kube-aggregator"
  packages = [
    "pkg/apis/apiregistration",
    "pkg/apis/apiregistration/v1",
    "pkg/apis/apiregistration/v1beta1",
    "pkg/client/clientset_generated/clientset/scheme",
    "pkg/client/clientset_generated/clientset/typed/apiregistration/v1",
  ]
  pruneopts = "NT"
  revision = "a1b02ed9435a7e5ef5af55f4268ce78fd02c1662"

[[projects]]
  branch = "master"
  digest = "1:275689e02c525bf910dcfff4627d525012ce40b6b7bc36c62f5f29df31ccda59"
  name = "k8s.io/kube-openapi"
  packages = [
    "cmd/openapi-gen/args",
    "pkg/common",
    "pkg/generators",
    "pkg/generators/rules",
    "pkg/util/proto",
    "pkg/util/sets",
  ]
  pruneopts = "NT"
  revision = "30be4d16710ac61bce31eb28a01054596fe6a9f1"

[[projects]]
  digest = "1:f01db735f95d55d682842f90b4c0eb4dec703cf71b2f4cf815a42081efbf5cae"
  name = "k8s.io/kube-proxy"
  packages = ["config/v1alpha1"]
  pruneopts = "NT"
  revision = "de037b596c1ec62a89779f6aeead31b40d1159dd"
  version = "kubernetes-1.16.0"

[[projects]]
  branch = "master"
  digest = "1:bec533dd65da84dcc73d2e67d99f892a004a262b6e29e939913d4f973ddaad42"
  name = "k8s.io/utils"
  packages = [
    "buffer",
    "integer",
    "pointer",
    "trace",
  ]
  pruneopts = "NT"
  revision = "2b95a09bc58df43d4032504619706b6a38293a47"

[[projects]]
  digest = "1:6a2dad4276ed181cb1990dc1dabad3bf0218bb98416ab4171142f2c0b9829bef"
  name = "sigs.k8s.io/controller-runtime"
  packages = [
    "pkg/cache",
    "pkg/cache/internal",
    "pkg/client",
    "pkg/client/apiutil",
    "pkg/client/config",
    "pkg/client/fake",
    "pkg/controller",
    "pkg/controller/controllerutil",
    "pkg/event",
    "pkg/handler",
    "pkg/healthz",
    "pkg/internal/controller",
    "pkg/internal/controller/metrics",
    "pkg/internal/log",
    "pkg/internal/objectutil",
    "pkg/internal/recorder",
    "pkg/leaderelection",
    "pkg/log",
    "pkg/manager",
    "pkg/manager/signals",
    "pkg/metrics",
    "pkg/predicate",
    "pkg/reconcile",
    "pkg/recorder",
    "pkg/runtime/inject",
    "pkg/runtime/signals",
    "pkg/source",
    "pkg/source/internal",
    "pkg/webhook",
    "pkg/webhook/admission",
    "pkg/webhook/internal/certwatcher",
    "pkg/webhook/internal/metrics",
  ]
  pruneopts = "NT"
  revision = "2df793d0207600b5cd3a50be2d3edd7f5cb333d9"

[[projects]]
  digest = "1:8730e0150dfb2b7e173890c8b9868e7a273082ef8e39f4940e3506a481cf895c"
  name = "sigs.k8s.io/yaml"
  packages = ["."]
  pruneopts = "NT"
  revision = "fd68e9863619f6ec2fdd8625fe1f02e7c877e480"
  version = "v1.1.0"

[solve-meta]
  analyzer-name = "dep"
  analyzer-version = 1
  input-imports = [
    "github.com/Masterminds/semver",
    "github.com/Masterminds/sprig",
    "github.com/containernetworking/cni/pkg/types",
    "github.com/ghodss/yaml",
    "github.com/gophercloud/gophercloud",
    "github.com/gophercloud/gophercloud/openstack",
    "github.com/gophercloud/gophercloud/openstack/identity/v3/tokens",
    "github.com/gophercloud/gophercloud/openstack/loadbalancer/v2/apiversions",
    "github.com/gophercloud/gophercloud/openstack/loadbalancer/v2/listeners",
    "github.com/gophercloud/gophercloud/openstack/loadbalancer/v2/loadbalancers",
    "github.com/gophercloud/gophercloud/openstack/loadbalancer/v2/monitors",
    "github.com/gophercloud/gophercloud/openstack/loadbalancer/v2/pools",
    "github.com/gophercloud/gophercloud/openstack/loadbalancer/v2/providers",
    "github.com/gophercloud/gophercloud/openstack/networking/v2/extensions/attributestags",
    "github.com/gophercloud/gophercloud/openstack/networking/v2/extensions/layer3/routers",
    "github.com/gophercloud/gophercloud/openstack/networking/v2/extensions/security/groups",
    "github.com/gophercloud/gophercloud/openstack/networking/v2/extensions/security/rules",
    "github.com/gophercloud/gophercloud/openstack/networking/v2/extensions/subnetpools",
    "github.com/gophercloud/gophercloud/openstack/networking/v2/networks",
    "github.com/gophercloud/gophercloud/openstack/networking/v2/ports",
    "github.com/gophercloud/gophercloud/openstack/networking/v2/subnets",
    "github.com/gophercloud/utils/openstack/clientconfig",
    "github.com/onsi/gomega",
    "github.com/onsi/gomega/types",
    "github.com/openshift/api/config/v1",
    "github.com/openshift/api/network/v1",
    "github.com/openshift/api/operator/v1",
    "github.com/openshift/library-go/pkg/config/clusteroperator/v1helpers",
    "github.com/openshift/library-go/pkg/crypto",
    "github.com/openshift/library-go/pkg/operator/certrotation",
    "github.com/openshift/library-go/pkg/operator/events",
    "github.com/operator-framework/operator-sdk/pkg/leader",
    "github.com/operator-framework/operator-sdk/version",
    "github.com/pkg/errors",
    "github.com/spf13/pflag",
    "github.com/vishvananda/netlink",
    "gopkg.in/yaml.v2",
    "k8s.io/api/admissionregistration/v1beta1",
    "k8s.io/api/apps/v1",
    "k8s.io/api/core/v1",
    "k8s.io/apimachinery/pkg/api/equality",
    "k8s.io/apimachinery/pkg/api/errors",
    "k8s.io/apimachinery/pkg/api/meta",
    "k8s.io/apimachinery/pkg/apis/meta/v1",
    "k8s.io/apimachinery/pkg/apis/meta/v1/unstructured",
    "k8s.io/apimachinery/pkg/runtime",
    "k8s.io/apimachinery/pkg/runtime/schema",
    "k8s.io/apimachinery/pkg/types",
    "k8s.io/apimachinery/pkg/util/errors",
    "k8s.io/apimachinery/pkg/util/net",
    "k8s.io/apimachinery/pkg/util/runtime",
    "k8s.io/apimachinery/pkg/util/sets",
    "k8s.io/apimachinery/pkg/util/validation",
    "k8s.io/apimachinery/pkg/util/wait",
    "k8s.io/apimachinery/pkg/util/yaml",
    "k8s.io/client-go/discovery",
    "k8s.io/client-go/informers",
    "k8s.io/client-go/kubernetes",
    "k8s.io/client-go/kubernetes/scheme",
    "k8s.io/client-go/plugin/pkg/client/auth/gcp",
    "k8s.io/client-go/rest",
    "k8s.io/client-go/restmapper",
    "k8s.io/client-go/tools/clientcmd",
    "k8s.io/client-go/util/retry",
    "k8s.io/code-generator/cmd/client-gen",
    "k8s.io/code-generator/cmd/conversion-gen",
    "k8s.io/code-generator/cmd/deepcopy-gen",
    "k8s.io/code-generator/cmd/defaulter-gen",
    "k8s.io/code-generator/cmd/informer-gen",
    "k8s.io/code-generator/cmd/lister-gen",
    "k8s.io/code-generator/cmd/openapi-gen",
    "k8s.io/gengo/args",
    "k8s.io/kube-proxy/config/v1alpha1",
    "sigs.k8s.io/controller-runtime/pkg/client",
    "sigs.k8s.io/controller-runtime/pkg/client/config",
    "sigs.k8s.io/controller-runtime/pkg/client/fake",
    "sigs.k8s.io/controller-runtime/pkg/controller",
    "sigs.k8s.io/controller-runtime/pkg/controller/controllerutil",
    "sigs.k8s.io/controller-runtime/pkg/event",
    "sigs.k8s.io/controller-runtime/pkg/handler",
    "sigs.k8s.io/controller-runtime/pkg/manager",
    "sigs.k8s.io/controller-runtime/pkg/predicate",
    "sigs.k8s.io/controller-runtime/pkg/reconcile",
    "sigs.k8s.io/controller-runtime/pkg/runtime/signals",
    "sigs.k8s.io/controller-runtime/pkg/source",
  ]
  solver-name = "gps-cdcl"
  solver-version = 1
